
Microsoft Visual Studio Solution File, Format Version 12.00
# Visual Studio Version 16
VisualStudioVersion = 16.0.31829.152
MinimumVisualStudioVersion = 10.0.40219.1
Project("{9A19103F-16F7-4668-BE54-9A1E7A4F7556}") = "Experling-API", "Experling-API\Experling-API.csproj", "{7AFAB457-3380-4964-AE7F-6D92E506C3F6}"
	ProjectSection(ProjectDependencies) = postProject
		{9F111F15-6EFC-423A-9C41-90372258BD39} = {9F111F15-6EFC-423A-9C41-90372258BD39}
	EndProjectSection
EndProject
Project("{9A19103F-16F7-4668-BE54-9A1E7A4F7556}") = "DataAccess", "DataAccess\DataAccess.csproj", "{9F111F15-6EFC-423A-9C41-90372258BD39}"
EndProject
Project("{9A19103F-16F7-4668-BE54-9A1E7A4F7556}") = "UnitTesting", "UnitTesting\UnitTesting.csproj", "{83DF6AE9-DE67-40F3-9835-B546607B54A2}"
	ProjectSection(ProjectDependencies) = postProject
		{9F111F15-6EFC-423A-9C41-90372258BD39} = {9F111F15-6EFC-423A-9C41-90372258BD39}
		{1397FC42-6185-4F69-8CC7-4C8101A1B2BA} = {1397FC42-6185-4F69-8CC7-4C8101A1B2BA}
		{7AFAB457-3380-4964-AE7F-6D92E506C3F6} = {7AFAB457-3380-4964-AE7F-6D92E506C3F6}
	EndProjectSection
EndProject
Project("{9A19103F-16F7-4668-BE54-9A1E7A4F7556}") = "Common", "Common\Common.csproj", "{723BC4E3-2B0A-4BA8-9850-826AA2BFB9CA}"
EndProject
Project("{9A19103F-16F7-4668-BE54-9A1E7A4F7556}") = "Logic", "Logic\Logic.csproj", "{1397FC42-6185-4F69-8CC7-4C8101A1B2BA}"
EndProject
Global
	GlobalSection(SolutionConfigurationPlatforms) = preSolution
		Debug|Any CPU = Debug|Any CPU
		Release|Any CPU = Release|Any CPU
	EndGlobalSection
	GlobalSection(ProjectConfigurationPlatforms) = postSolution
		{7AFAB457-3380-4964-AE7F-6D92E506C3F6}.Debug|Any CPU.ActiveCfg = Debug|Any CPU
		{7AFAB457-3380-4964-AE7F-6D92E506C3F6}.Debug|Any CPU.Build.0 = Debug|Any CPU
		{7AFAB457-3380-4964-AE7F-6D92E506C3F6}.Release|Any CPU.ActiveCfg = Release|Any CPU
		{7AFAB457-3380-4964-AE7F-6D92E506C3F6}.Release|Any CPU.Build.0 = Release|Any CPU
		{9F111F15-6EFC-423A-9C41-90372258BD39}.Debug|Any CPU.ActiveCfg = Debug|Any CPU
		{9F111F15-6EFC-423A-9C41-90372258BD39}.Debug|Any CPU.Build.0 = Debug|Any CPU
		{9F111F15-6EFC-423A-9C41-90372258BD39}.Release|Any CPU.ActiveCfg = Release|Any CPU
		{9F111F15-6EFC-423A-9C41-90372258BD39}.Release|Any CPU.Build.0 = Release|Any CPU
		{83DF6AE9-DE67-40F3-9835-B546607B54A2}.Debug|Any CPU.ActiveCfg = Debug|Any CPU
		{83DF6AE9-DE67-40F3-9835-B546607B54A2}.Debug|Any CPU.Build.0 = Debug|Any CPU
		{83DF6AE9-DE67-40F3-9835-B546607B54A2}.Release|Any CPU.ActiveCfg = Release|Any CPU
		{83DF6AE9-DE67-40F3-9835-B546607B54A2}.Release|Any CPU.Build.0 = Release|Any CPU
		{723BC4E3-2B0A-4BA8-9850-826AA2BFB9CA}.Debug|Any CPU.ActiveCfg = Debug|Any CPU
		{723BC4E3-2B0A-4BA8-9850-826AA2BFB9CA}.Debug|Any CPU.Build.0 = Debug|Any CPU
		{723BC4E3-2B0A-4BA8-9850-826AA2BFB9CA}.Release|Any CPU.ActiveCfg = Release|Any CPU
		{723BC4E3-2B0A-4BA8-9850-826AA2BFB9CA}.Release|Any CPU.Build.0 = Release|Any CPU
		{1397FC42-6185-4F69-8CC7-4C8101A1B2BA}.Debug|Any CPU.ActiveCfg = Debug|Any CPU
		{1397FC42-6185-4F69-8CC7-4C8101A1B2BA}.Debug|Any CPU.Build.0 = Debug|Any CPU
		{1397FC42-6185-4F69-8CC7-4C8101A1B2BA}.Release|Any CPU.ActiveCfg = Release|Any CPU
		{1397FC42-6185-4F69-8CC7-4C8101A1B2BA}.Release|Any CPU.Build.0 = Release|Any CPU
	EndGlobalSection
	GlobalSection(SolutionProperties) = preSolution
		HideSolutionNode = FALSE
	EndGlobalSection
	GlobalSection(ExtensibilityGlobals) = postSolution
		SolutionGuid = {E106DB79-24CB-44D4-A1A6-2C8A9B1D075A}
	EndGlobalSection
EndGlobal
