
Microsoft Visual Studio Solution File, Format Version 12.00
# Visual Studio Version 16
VisualStudioVersion = 16.0.31829.152
MinimumVisualStudioVersion = 10.0.40219.1
Project("{FAE04EC0-301F-11D3-BF4B-00C04F79EFBC}") = "Experling-API", "Experling-API\Experling-API.csproj", "{7AFAB457-3380-4964-AE7F-6D92E506C3F6}"
EndProject
Project("{FAE04EC0-301F-11D3-BF4B-00C04F79EFBC}") = "DataAccess", "DataAccess\DataAccess.csproj", "{9F111F15-6EFC-423A-9C41-90372258BD39}"
EndProject
Global
	GlobalSection(SolutionConfigurationPlatforms) = preSolution
		Debug|Any CPU = Debug|Any CPU
		Release|Any CPU = Release|Any CPU
	EndGlobalSection
	GlobalSection(ProjectConfigurationPlatforms) = postSolution
		{7AFAB457-3380-4964-AE7F-6D92E506C3F6}.Debug|Any CPU.ActiveCfg = Debug|Any CPU
		{7AFAB457-3380-4964-AE7F-6D92E506C3F6}.Debug|Any CPU.Build.0 = Debug|Any CPU
		{7AFAB457-3380-4964-AE7F-6D92E506C3F6}.Release|Any CPU.ActiveCfg = Release|Any CPU
		{7AFAB457-3380-4964-AE7F-6D92E506C3F6}.Release|Any CPU.Build.0 = Release|Any CPU
		{9F111F15-6EFC-423A-9C41-90372258BD39}.Debug|Any CPU.ActiveCfg = Debug|Any CPU
		{9F111F15-6EFC-423A-9C41-90372258BD39}.Debug|Any CPU.Build.0 = Debug|Any CPU
		{9F111F15-6EFC-423A-9C41-90372258BD39}.Release|Any CPU.ActiveCfg = Release|Any CPU
		{9F111F15-6EFC-423A-9C41-90372258BD39}.Release|Any CPU.Build.0 = Release|Any CPU
	EndGlobalSection
	GlobalSection(SolutionProperties) = preSolution
		HideSolutionNode = FALSE
	EndGlobalSection
	GlobalSection(ExtensibilityGlobals) = postSolution
		SolutionGuid = {E106DB79-24CB-44D4-A1A6-2C8A9B1D075A}
	EndGlobalSection
EndGlobal
